
Microsoft Visual Studio Solution File, Format Version 12.00
# Visual Studio Version 16
VisualStudioVersion = 16.0.31515.178
MinimumVisualStudioVersion = 10.0.40219.1
Project("{8BC9CEB8-8B4A-11D0-8D11-00A0C91BC942}") = "k_means", "k_means\k_means.vcxproj", "{F66B34BF-A686-419A-A7E0-BD57F93FF0C7}"
EndProject
Global
	GlobalSection(SolutionConfigurationPlatforms) = preSolution
		Debug|x64 = Debug|x64
		Debug|x86 = Debug|x86
		Release|x64 = Release|x64
		Release|x86 = Release|x86
	EndGlobalSection
	GlobalSection(ProjectConfigurationPlatforms) = postSolution
		{F66B34BF-A686-419A-A7E0-BD57F93FF0C7}.Debug|x64.ActiveCfg = Debug|x64
		{F66B34BF-A686-419A-A7E0-BD57F93FF0C7}.Debug|x64.Build.0 = Debug|x64
		{F66B34BF-A686-419A-A7E0-BD57F93FF0C7}.Debug|x86.ActiveCfg = Debug|Win32
		{F66B34BF-A686-419A-A7E0-BD57F93FF0C7}.Debug|x86.Build.0 = Debug|Win32
		{F66B34BF-A686-419A-A7E0-BD57F93FF0C7}.Release|x64.ActiveCfg = Release|x64
		{F66B34BF-A686-419A-A7E0-BD57F93FF0C7}.Release|x64.Build.0 = Release|x64
		{F66B34BF-A686-419A-A7E0-BD57F93FF0C7}.Release|x86.ActiveCfg = Release|Win32
		{F66B34BF-A686-419A-A7E0-BD57F93FF0C7}.Release|x86.Build.0 = Release|Win32
	EndGlobalSection
	GlobalSection(SolutionProperties) = preSolution
		HideSolutionNode = FALSE
	EndGlobalSection
	GlobalSection(ExtensibilityGlobals) = postSolution
		SolutionGuid = {090BBF8B-9238-4E8D-A20A-B832B9265885}
	EndGlobalSection
EndGlobal
